Microsoft Visual Studio Solution File, Format Version 12.00
# Visual Studio 2012
Project("{FAE04EC0-301F-11D3-BF4B-00C04F79EFBC}") = "RainDrain", "RainDrain.csproj", "{E663230A-99EF-4196-9C58-4DDCDB6D4DEF}"
EndProject
Global
	GlobalSection(SolutionConfigurationPlatforms) = preSolution
	Debug|Any CPU = Debug|Any CPU
	ExportDebug|Any CPU = ExportDebug|Any CPU
	ExportRelease|Any CPU = ExportRelease|Any CPU
	EndGlobalSection
	GlobalSection(ProjectConfigurationPlatforms) = postSolution
		{E663230A-99EF-4196-9C58-4DDCDB6D4DEF}.Debug|Any CPU.ActiveCfg = Debug|Any CPU
		{E663230A-99EF-4196-9C58-4DDCDB6D4DEF}.Debug|Any CPU.Build.0 = Debug|Any CPU
		{E663230A-99EF-4196-9C58-4DDCDB6D4DEF}.ExportDebug|Any CPU.ActiveCfg = ExportDebug|Any CPU
		{E663230A-99EF-4196-9C58-4DDCDB6D4DEF}.ExportDebug|Any CPU.Build.0 = ExportDebug|Any CPU
		{E663230A-99EF-4196-9C58-4DDCDB6D4DEF}.ExportRelease|Any CPU.ActiveCfg = ExportRelease|Any CPU
		{E663230A-99EF-4196-9C58-4DDCDB6D4DEF}.ExportRelease|Any CPU.Build.0 = ExportRelease|Any CPU
	EndGlobalSection
EndGlobal
